// !$*UTF8*$!
{
	archiveVersion = 1;
	classes = {
	};
	objectVersion = 56;
	objects = {

/* Begin PBXBuildFile section */
		FA0198D32941A73300DBA079 /* SettingsViewController.swift in Sources */ = {isa = PBXBuildFile; fileRef = FA0198D22941A73300DBA079 /* SettingsViewController.swift */; };
		FA09BE5B29470FA50045D228 /* SettingsTableViewCell.swift in Sources */ = {isa = PBXBuildFile; fileRef = FA09BE5A29470FA50045D228 /* SettingsTableViewCell.swift */; };
		FA09BE5D294726E60045D228 /* WatchlistTableViewCell.swift in Sources */ = {isa = PBXBuildFile; fileRef = FA09BE5C294726E60045D228 /* WatchlistTableViewCell.swift */; };
		FA09BE5F294727030045D228 /* WatchlistViewController.swift in Sources */ = {isa = PBXBuildFile; fileRef = FA09BE5E294727030045D228 /* WatchlistViewController.swift */; };
		FA09BE6229472CA40045D228 /* MovieTableViewCellDelegate.swift in Sources */ = {isa = PBXBuildFile; fileRef = FA09BE6129472CA40045D228 /* MovieTableViewCellDelegate.swift */; };
		FA09BE64294754870045D228 /* Firestore.swift in Sources */ = {isa = PBXBuildFile; fileRef = FA09BE63294754870045D228 /* Firestore.swift */; };
		FA09BE662947642A0045D228 /* FStoreMovieModel.swift in Sources */ = {isa = PBXBuildFile; fileRef = FA09BE652947642A0045D228 /* FStoreMovieModel.swift */; };
		FA519EF5293DDA0D00853472 /* DetailViewController.swift in Sources */ = {isa = PBXBuildFile; fileRef = FA519EF4293DDA0D00853472 /* DetailViewController.swift */; };
		FA542B34293F237400CC63AA /* LoginViewController.swift in Sources */ = {isa = PBXBuildFile; fileRef = FA542B33293F237400CC63AA /* LoginViewController.swift */; };
		FA542B36293F3B2200CC63AA /* RegisterViewController.swift in Sources */ = {isa = PBXBuildFile; fileRef = FA542B35293F3B2200CC63AA /* RegisterViewController.swift */; };
		FA542B38293F622A00CC63AA /* ResetPasswordViewController.swift in Sources */ = {isa = PBXBuildFile; fileRef = FA542B37293F622A00CC63AA /* ResetPasswordViewController.swift */; };
		FA570044294081BC00E6786F /* SearchTableViewCell.swift in Sources */ = {isa = PBXBuildFile; fileRef = FA570043294081BC00E6786F /* SearchTableViewCell.swift */; };
		FA570046294081F700E6786F /* SearchViewController.swift in Sources */ = {isa = PBXBuildFile; fileRef = FA570045294081F700E6786F /* SearchViewController.swift */; };
		FA5700492940A78400E6786F /* Kingfisher in Frameworks */ = {isa = PBXBuildFile; productRef = FA5700482940A78400E6786F /* Kingfisher */; };
		FA57004B2940A98200E6786F /* DetailMovieModel.swift in Sources */ = {isa = PBXBuildFile; fileRef = FA57004A2940A98200E6786F /* DetailMovieModel.swift */; };
		FA5B378D2948A260009945B1 /* MovieDetailsData.swift in Sources */ = {isa = PBXBuildFile; fileRef = FA5B378C2948A260009945B1 /* MovieDetailsData.swift */; };
		FAA4EF782939C7EB008650CE /* NotoSans-SemiBold.ttf in Resources */ = {isa = PBXBuildFile; fileRef = FAA4EF762939C7EB008650CE /* NotoSans-SemiBold.ttf */; };
		FAA4EF792939C7EB008650CE /* NotoSans-Bold.ttf in Resources */ = {isa = PBXBuildFile; fileRef = FAA4EF772939C7EB008650CE /* NotoSans-Bold.ttf */; };
		FAA4EF7C2939C81E008650CE /* AnekDevanagari-VariableFont_wdth,wght.ttf in Resources */ = {isa = PBXBuildFile; fileRef = FAA4EF7B2939C81E008650CE /* AnekDevanagari-VariableFont_wdth,wght.ttf */; };
		FAA4EF7E2939C90F008650CE /* FredokaOne-Regular.ttf in Resources */ = {isa = PBXBuildFile; fileRef = FAA4EF7D2939C90F008650CE /* FredokaOne-Regular.ttf */; };
		FAA4EF822939D0DB008650CE /* MovieManager.swift in Sources */ = {isa = PBXBuildFile; fileRef = FAA4EF812939D0DB008650CE /* MovieManager.swift */; };
		FAA4EF842939D0E7008650CE /* MovieData.swift in Sources */ = {isa = PBXBuildFile; fileRef = FAA4EF832939D0E7008650CE /* MovieData.swift */; };
		FAA4EF872939D11B008650CE /* URLs.swift in Sources */ = {isa = PBXBuildFile; fileRef = FAA4EF862939D11B008650CE /* URLs.swift */; };
		FAA4EF8B2939DB4D008650CE /* HomeViewController.swift in Sources */ = {isa = PBXBuildFile; fileRef = FAA4EF8A2939DB4D008650CE /* HomeViewController.swift */; };
		FAA4EF8D2939DBB6008650CE /* Segues.swift in Sources */ = {isa = PBXBuildFile; fileRef = FAA4EF8C2939DBB6008650CE /* Segues.swift */; };
		FAA4EF8F2939E09A008650CE /* Cells.swift in Sources */ = {isa = PBXBuildFile; fileRef = FAA4EF8E2939E09A008650CE /* Cells.swift */; };
		FAA4EFA2293A1FDB008650CE /* MovieTableViewCell.swift in Sources */ = {isa = PBXBuildFile; fileRef = FAA4EFA1293A1FDB008650CE /* MovieTableViewCell.swift */; };
		FAA4EFA6293A3F31008650CE /* HomeCollectionViewCell.swift in Sources */ = {isa = PBXBuildFile; fileRef = FAA4EFA5293A3F31008650CE /* HomeCollectionViewCell.swift */; };
		FAA669A42938B7EF00E4CD73 /* AppDelegate.swift in Sources */ = {isa = PBXBuildFile; fileRef = FAA669A32938B7EF00E4CD73 /* AppDelegate.swift */; };
		FAA669A62938B7EF00E4CD73 /* SceneDelegate.swift in Sources */ = {isa = PBXBuildFile; fileRef = FAA669A52938B7EF00E4CD73 /* SceneDelegate.swift */; };
		FAA669AB2938B7EF00E4CD73 /* Main.storyboard in Resources */ = {isa = PBXBuildFile; fileRef = FAA669A92938B7EF00E4CD73 /* Main.storyboard */; };
		FAA669AE2938B7EF00E4CD73 /* TMBD_Movie_App.xcdatamodeld in Sources */ = {isa = PBXBuildFile; fileRef = FAA669AC2938B7EF00E4CD73 /* TMBD_Movie_App.xcdatamodeld */; };
		FAA669B02938B7F200E4CD73 /* Assets.xcassets in Resources */ = {isa = PBXBuildFile; fileRef = FAA669AF2938B7F200E4CD73 /* Assets.xcassets */; };
		FAA669B32938B7F200E4CD73 /* LaunchScreen.storyboard in Resources */ = {isa = PBXBuildFile; fileRef = FAA669B12938B7F200E4CD73 /* LaunchScreen.storyboard */; };
		FAB9193E294314C600E68A11 /* FirebaseAuth in Frameworks */ = {isa = PBXBuildFile; productRef = FAB9193D294314C600E68A11 /* FirebaseAuth */; };
		FAB91940294314C600E68A11 /* FirebaseDatabase in Frameworks */ = {isa = PBXBuildFile; productRef = FAB9193F294314C600E68A11 /* FirebaseDatabase */; };
		FAB91942294314C600E68A11 /* FirebaseFirestore in Frameworks */ = {isa = PBXBuildFile; productRef = FAB91941294314C600E68A11 /* FirebaseFirestore */; };
		FAB91944294314C600E68A11 /* FirebaseStorage in Frameworks */ = {isa = PBXBuildFile; productRef = FAB91943294314C600E68A11 /* FirebaseStorage */; };
		FAB919472943222500E68A11 /* UIViewController.swift in Sources */ = {isa = PBXBuildFile; fileRef = FAB919462943222500E68A11 /* UIViewController.swift */; };
		FAB9197129437CAC00E68A11 /* GoogleService-Info.plist in Resources */ = {isa = PBXBuildFile; fileRef = FAB9197029437CAC00E68A11 /* GoogleService-Info.plist */; };
/* End PBXBuildFile section */

/* Begin PBXFileReference section */
		FA0198D22941A73300DBA079 /* SettingsViewController.swift */ = {isa = PBXFileReference; lastKnownFileType = sourcecode.swift; path = SettingsViewController.swift; sourceTree = "<group>"; };
		FA09BE5A29470FA50045D228 /* SettingsTableViewCell.swift */ = {isa = PBXFileReference; lastKnownFileType = sourcecode.swift; path = SettingsTableViewCell.swift; sourceTree = "<group>"; };
		FA09BE5C294726E60045D228 /* WatchlistTableViewCell.swift */ = {isa = PBXFileReference; lastKnownFileType = sourcecode.swift; path = WatchlistTableViewCell.swift; sourceTree = "<group>"; };
		FA09BE5E294727030045D228 /* WatchlistViewController.swift */ = {isa = PBXFileReference; lastKnownFileType = sourcecode.swift; path = WatchlistViewController.swift; sourceTree = "<group>"; };
		FA09BE6129472CA40045D228 /* MovieTableViewCellDelegate.swift */ = {isa = PBXFileReference; lastKnownFileType = sourcecode.swift; path = MovieTableViewCellDelegate.swift; sourceTree = "<group>"; };
		FA09BE63294754870045D228 /* Firestore.swift */ = {isa = PBXFileReference; lastKnownFileType = sourcecode.swift; path = Firestore.swift; sourceTree = "<group>"; };
		FA09BE652947642A0045D228 /* FStoreMovieModel.swift */ = {isa = PBXFileReference; lastKnownFileType = sourcecode.swift; path = FStoreMovieModel.swift; sourceTree = "<group>"; };
		FA519EF4293DDA0D00853472 /* DetailViewController.swift */ = {isa = PBXFileReference; lastKnownFileType = sourcecode.swift; path = DetailViewController.swift; sourceTree = "<group>"; };
		FA542B33293F237400CC63AA /* LoginViewController.swift */ = {isa = PBXFileReference; lastKnownFileType = sourcecode.swift; path = LoginViewController.swift; sourceTree = "<group>"; };
		FA542B35293F3B2200CC63AA /* RegisterViewController.swift */ = {isa = PBXFileReference; lastKnownFileType = sourcecode.swift; path = RegisterViewController.swift; sourceTree = "<group>"; };
		FA542B37293F622A00CC63AA /* ResetPasswordViewController.swift */ = {isa = PBXFileReference; lastKnownFileType = sourcecode.swift; path = ResetPasswordViewController.swift; sourceTree = "<group>"; };
		FA570043294081BC00E6786F /* SearchTableViewCell.swift */ = {isa = PBXFileReference; lastKnownFileType = sourcecode.swift; path = SearchTableViewCell.swift; sourceTree = "<group>"; };
		FA570045294081F700E6786F /* SearchViewController.swift */ = {isa = PBXFileReference; lastKnownFileType = sourcecode.swift; path = SearchViewController.swift; sourceTree = "<group>"; };
		FA57004A2940A98200E6786F /* DetailMovieModel.swift */ = {isa = PBXFileReference; lastKnownFileType = sourcecode.swift; path = DetailMovieModel.swift; sourceTree = "<group>"; };
		FA5B378C2948A260009945B1 /* MovieDetailsData.swift */ = {isa = PBXFileReference; lastKnownFileType = sourcecode.swift; path = MovieDetailsData.swift; sourceTree = "<group>"; };
		FAA4EF762939C7EB008650CE /* NotoSans-SemiBold.ttf */ = {isa = PBXFileReference; lastKnownFileType = file; path = "NotoSans-SemiBold.ttf"; sourceTree = "<group>"; };
		FAA4EF772939C7EB008650CE /* NotoSans-Bold.ttf */ = {isa = PBXFileReference; lastKnownFileType = file; path = "NotoSans-Bold.ttf"; sourceTree = "<group>"; };
		FAA4EF7B2939C81E008650CE /* AnekDevanagari-VariableFont_wdth,wght.ttf */ = {isa = PBXFileReference; lastKnownFileType = file; path = "AnekDevanagari-VariableFont_wdth,wght.ttf"; sourceTree = "<group>"; };
		FAA4EF7D2939C90F008650CE /* FredokaOne-Regular.ttf */ = {isa = PBXFileReference; lastKnownFileType = file; path = "FredokaOne-Regular.ttf"; sourceTree = "<group>"; };
		FAA4EF812939D0DB008650CE /* MovieManager.swift */ = {isa = PBXFileReference; lastKnownFileType = sourcecode.swift; path = MovieManager.swift; sourceTree = "<group>"; };
		FAA4EF832939D0E7008650CE /* MovieData.swift */ = {isa = PBXFileReference; lastKnownFileType = sourcecode.swift; path = MovieData.swift; sourceTree = "<group>"; };
		FAA4EF862939D11B008650CE /* URLs.swift */ = {isa = PBXFileReference; lastKnownFileType = sourcecode.swift; path = URLs.swift; sourceTree = "<group>"; };
		FAA4EF8A2939DB4D008650CE /* HomeViewController.swift */ = {isa = PBXFileReference; lastKnownFileType = sourcecode.swift; path = HomeViewController.swift; sourceTree = "<group>"; };
		FAA4EF8C2939DBB6008650CE /* Segues.swift */ = {isa = PBXFileReference; lastKnownFileType = sourcecode.swift; path = Segues.swift; sourceTree = "<group>"; };
		FAA4EF8E2939E09A008650CE /* Cells.swift */ = {isa = PBXFileReference; lastKnownFileType = sourcecode.swift; path = Cells.swift; sourceTree = "<group>"; };
		FAA4EFA1293A1FDB008650CE /* MovieTableViewCell.swift */ = {isa = PBXFileReference; lastKnownFileType = sourcecode.swift; path = MovieTableViewCell.swift; sourceTree = "<group>"; };
		FAA4EFA5293A3F31008650CE /* HomeCollectionViewCell.swift */ = {isa = PBXFileReference; lastKnownFileType = sourcecode.swift; path = HomeCollectionViewCell.swift; sourceTree = "<group>"; };
		FAA669A02938B7EE00E4CD73 /* TMBD Movie App.app */ = {isa = PBXFileReference; explicitFileType = wrapper.application; includeInIndex = 0; path = "TMBD Movie App.app"; sourceTree = BUILT_PRODUCTS_DIR; };
		FAA669A32938B7EF00E4CD73 /* AppDelegate.swift */ = {isa = PBXFileReference; lastKnownFileType = sourcecode.swift; path = AppDelegate.swift; sourceTree = "<group>"; };
		FAA669A52938B7EF00E4CD73 /* SceneDelegate.swift */ = {isa = PBXFileReference; lastKnownFileType = sourcecode.swift; path = SceneDelegate.swift; sourceTree = "<group>"; };
		FAA669AA2938B7EF00E4CD73 /* Base */ = {isa = PBXFileReference; lastKnownFileType = file.storyboard; name = Base; path = Base.lproj/Main.storyboard; sourceTree = "<group>"; };
		FAA669AD2938B7EF00E4CD73 /* TMBD_Movie_App.xcdatamodel */ = {isa = PBXFileReference; lastKnownFileType = wrapper.xcdatamodel; path = TMBD_Movie_App.xcdatamodel; sourceTree = "<group>"; };
		FAA669AF2938B7F200E4CD73 /* Assets.xcassets */ = {isa = PBXFileReference; lastKnownFileType = folder.assetcatalog; path = Assets.xcassets; sourceTree = "<group>"; };
		FAA669B22938B7F200E4CD73 /* Base */ = {isa = PBXFileReference; lastKnownFileType = file.storyboard; name = Base; path = Base.lproj/LaunchScreen.storyboard; sourceTree = "<group>"; };
		FAA669B42938B7F200E4CD73 /* Info.plist */ = {isa = PBXFileReference; lastKnownFileType = text.plist.xml; path = Info.plist; sourceTree = "<group>"; };
		FAB919462943222500E68A11 /* UIViewController.swift */ = {isa = PBXFileReference; lastKnownFileType = sourcecode.swift; path = UIViewController.swift; sourceTree = "<group>"; };
		FAB9197029437CAC00E68A11 /* GoogleService-Info.plist */ = {isa = PBXFileReference; fileEncoding = 4; lastKnownFileType = text.plist.xml; path = "GoogleService-Info.plist"; sourceTree = "<group>"; };
/* End PBXFileReference section */

/* Begin PBXFrameworksBuildPhase section */
		FAA6699D2938B7EE00E4CD73 /* Frameworks */ = {
			isa = PBXFrameworksBuildPhase;
			buildActionMask = 2147483647;
			files = (
				FAB91940294314C600E68A11 /* FirebaseDatabase in Frameworks */,
				FAB91942294314C600E68A11 /* FirebaseFirestore in Frameworks */,
				FA5700492940A78400E6786F /* Kingfisher in Frameworks */,
				FAB91944294314C600E68A11 /* FirebaseStorage in Frameworks */,
				FAB9193E294314C600E68A11 /* FirebaseAuth in Frameworks */,
			);
			runOnlyForDeploymentPostprocessing = 0;
		};
/* End PBXFrameworksBuildPhase section */

/* Begin PBXGroup section */
		FA0198D02941A6E100DBA079 /* User-Auth */ = {
			isa = PBXGroup;
			children = (
				FA0198D22941A73300DBA079 /* SettingsViewController.swift */,
				FA542B33293F237400CC63AA /* LoginViewController.swift */,
				FA542B35293F3B2200CC63AA /* RegisterViewController.swift */,
				FA542B37293F622A00CC63AA /* ResetPasswordViewController.swift */,
			);
			path = "User-Auth";
			sourceTree = "<group>";
		};
		FA0198D12941A6F400DBA079 /* Movie */ = {
			isa = PBXGroup;
			children = (
				FAA4EF8A2939DB4D008650CE /* HomeViewController.swift */,
				FA519EF4293DDA0D00853472 /* DetailViewController.swift */,
				FA570045294081F700E6786F /* SearchViewController.swift */,
				FA09BE5E294727030045D228 /* WatchlistViewController.swift */,
			);
			path = Movie;
			sourceTree = "<group>";
		};
		FA09BE6029472C900045D228 /* Protocols */ = {
			isa = PBXGroup;
			children = (
				FA09BE6129472CA40045D228 /* MovieTableViewCellDelegate.swift */,
			);
			path = Protocols;
			sourceTree = "<group>";
		};
		FAA4EF7A2939C7EE008650CE /* Fonts */ = {
			isa = PBXGroup;
			children = (
				FAA4EF7D2939C90F008650CE /* FredokaOne-Regular.ttf */,
				FAA4EF7B2939C81E008650CE /* AnekDevanagari-VariableFont_wdth,wght.ttf */,
				FAA4EF772939C7EB008650CE /* NotoSans-Bold.ttf */,
				FAA4EF762939C7EB008650CE /* NotoSans-SemiBold.ttf */,
			);
			path = Fonts;
			sourceTree = "<group>";
		};
		FAA4EF7F2939D0C4008650CE /* Models */ = {
			isa = PBXGroup;
			children = (
				FAA4EF832939D0E7008650CE /* MovieData.swift */,
				FA5B378C2948A260009945B1 /* MovieDetailsData.swift */,
				FA57004A2940A98200E6786F /* DetailMovieModel.swift */,
				FA09BE652947642A0045D228 /* FStoreMovieModel.swift */,
			);
			path = Models;
			sourceTree = "<group>";
		};
		FAA4EF802939D0CB008650CE /* Services */ = {
			isa = PBXGroup;
			children = (
				FAA4EF812939D0DB008650CE /* MovieManager.swift */,
			);
			path = Services;
			sourceTree = "<group>";
		};
		FAA4EF852939D111008650CE /* Constants */ = {
			isa = PBXGroup;
			children = (
				FAA4EF862939D11B008650CE /* URLs.swift */,
				FAA4EF8C2939DBB6008650CE /* Segues.swift */,
				FAA4EF8E2939E09A008650CE /* Cells.swift */,
				FA09BE63294754870045D228 /* Firestore.swift */,
			);
			path = Constants;
			sourceTree = "<group>";
		};
		FAA4EF90293A1516008650CE /* TableViewCell */ = {
			isa = PBXGroup;
			children = (
				FAA4EFA1293A1FDB008650CE /* MovieTableViewCell.swift */,
				FA570043294081BC00E6786F /* SearchTableViewCell.swift */,
				FA09BE5A29470FA50045D228 /* SettingsTableViewCell.swift */,
				FA09BE5C294726E60045D228 /* WatchlistTableViewCell.swift */,
			);
			path = TableViewCell;
			sourceTree = "<group>";
		};
		FAA4EF91293A153A008650CE /* CollectionViewCell */ = {
			isa = PBXGroup;
			children = (
				FAA4EFA5293A3F31008650CE /* HomeCollectionViewCell.swift */,
			);
			path = CollectionViewCell;
			sourceTree = "<group>";
		};
		FAA4EF92293A154B008650CE /* Main */ = {
			isa = PBXGroup;
			children = (
				FAA669A92938B7EF00E4CD73 /* Main.storyboard */,
			);
			path = Main;
			sourceTree = "<group>";
		};
		FAA669972938B7EE00E4CD73 = {
			isa = PBXGroup;
			children = (
				FAA669A22938B7EE00E4CD73 /* TMBD Movie App */,
				FAA669A12938B7EE00E4CD73 /* Products */,
			);
			sourceTree = "<group>";
		};
		FAA669A12938B7EE00E4CD73 /* Products */ = {
			isa = PBXGroup;
			children = (
				FAA669A02938B7EE00E4CD73 /* TMBD Movie App.app */,
			);
			name = Products;
			sourceTree = "<group>";
		};
		FAA669A22938B7EE00E4CD73 /* TMBD Movie App */ = {
			isa = PBXGroup;
			children = (
				FAA4EF7A2939C7EE008650CE /* Fonts */,
				FA09BE6029472C900045D228 /* Protocols */,
				FAB919452943220D00E68A11 /* Extensions */,
				FAA4EF852939D111008650CE /* Constants */,
				FAA4EF802939D0CB008650CE /* Services */,
				FAA4EF7F2939D0C4008650CE /* Models */,
				FAA669BC2938B84E00E4CD73 /* Views */,
				FAA669BB2938B84100E4CD73 /* Controllers */,
				FAA669BA2938B82F00E4CD73 /* Misc */,
				FAA669B42938B7F200E4CD73 /* Info.plist */,
				FAB9197029437CAC00E68A11 /* GoogleService-Info.plist */,
				FAA669AC2938B7EF00E4CD73 /* TMBD_Movie_App.xcdatamodeld */,
			);
			path = "TMBD Movie App";
			sourceTree = "<group>";
		};
		FAA669BA2938B82F00E4CD73 /* Misc */ = {
			isa = PBXGroup;
			children = (
				FAA669A32938B7EF00E4CD73 /* AppDelegate.swift */,
				FAA669A52938B7EF00E4CD73 /* SceneDelegate.swift */,
				FAA669AF2938B7F200E4CD73 /* Assets.xcassets */,
				FAA669B12938B7F200E4CD73 /* LaunchScreen.storyboard */,
			);
			path = Misc;
			sourceTree = "<group>";
		};
		FAA669BB2938B84100E4CD73 /* Controllers */ = {
			isa = PBXGroup;
			children = (
				FA0198D12941A6F400DBA079 /* Movie */,
				FA0198D02941A6E100DBA079 /* User-Auth */,
			);
			path = Controllers;
			sourceTree = "<group>";
		};
		FAA669BC2938B84E00E4CD73 /* Views */ = {
			isa = PBXGroup;
			children = (
				FAA4EF92293A154B008650CE /* Main */,
				FAA4EF91293A153A008650CE /* CollectionViewCell */,
				FAA4EF90293A1516008650CE /* TableViewCell */,
			);
			path = Views;
			sourceTree = "<group>";
		};
		FAB919452943220D00E68A11 /* Extensions */ = {
			isa = PBXGroup;
			children = (
				FAB919462943222500E68A11 /* UIViewController.swift */,
			);
			path = Extensions;
			sourceTree = "<group>";
		};
/* End PBXGroup section */

/* Begin PBXNativeTarget section */
		FAA6699F2938B7EE00E4CD73 /* TMBD Movie App */ = {
			isa = PBXNativeTarget;
			buildConfigurationList = FAA669B72938B7F200E4CD73 /* Build configuration list for PBXNativeTarget "TMBD Movie App" */;
			buildPhases = (
				FAA6699C2938B7EE00E4CD73 /* Sources */,
				FAA6699D2938B7EE00E4CD73 /* Frameworks */,
				FAA6699E2938B7EE00E4CD73 /* Resources */,
			);
			buildRules = (
			);
			dependencies = (
			);
			name = "TMBD Movie App";
			packageProductDependencies = (
				FA5700482940A78400E6786F /* Kingfisher */,
				FAB9193D294314C600E68A11 /* FirebaseAuth */,
				FAB9193F294314C600E68A11 /* FirebaseDatabase */,
				FAB91941294314C600E68A11 /* FirebaseFirestore */,
				FAB91943294314C600E68A11 /* FirebaseStorage */,
			);
			productName = "TMBD Movie App";
			productReference = FAA669A02938B7EE00E4CD73 /* TMBD Movie App.app */;
			productType = "com.apple.product-type.application";
		};
/* End PBXNativeTarget section */

/* Begin PBXProject section */
		FAA669982938B7EE00E4CD73 /* Project object */ = {
			isa = PBXProject;
			attributes = {
				BuildIndependentTargetsInParallel = 1;
				LastSwiftUpdateCheck = 1410;
				LastUpgradeCheck = 1410;
				TargetAttributes = {
					FAA6699F2938B7EE00E4CD73 = {
						CreatedOnToolsVersion = 14.1;
					};
				};
			};
			buildConfigurationList = FAA6699B2938B7EE00E4CD73 /* Build configuration list for PBXProject "TMBD Movie App" */;
			compatibilityVersion = "Xcode 14.0";
			developmentRegion = en;
			hasScannedForEncodings = 0;
			knownRegions = (
				en,
				Base,
			);
			mainGroup = FAA669972938B7EE00E4CD73;
			packageReferences = (
				FA5700472940A78400E6786F /* XCRemoteSwiftPackageReference "Kingfisher" */,
				FAB9193C294314C600E68A11 /* XCRemoteSwiftPackageReference "firebase-ios-sdk" */,
			);
			productRefGroup = FAA669A12938B7EE00E4CD73 /* Products */;
			projectDirPath = "";
			projectRoot = "";
			targets = (
				FAA6699F2938B7EE00E4CD73 /* TMBD Movie App */,
			);
		};
/* End PBXProject section */

/* Begin PBXResourcesBuildPhase section */
		FAA6699E2938B7EE00E4CD73 /* Resources */ = {
			isa = PBXResourcesBuildPhase;
			buildActionMask = 2147483647;
			files = (
				FAA4EF792939C7EB008650CE /* NotoSans-Bold.ttf in Resources */,
				FAB9197129437CAC00E68A11 /* GoogleService-Info.plist in Resources */,
				FAA669B32938B7F200E4CD73 /* LaunchScreen.storyboard in Resources */,
				FAA4EF782939C7EB008650CE /* NotoSans-SemiBold.ttf in Resources */,
				FAA669B02938B7F200E4CD73 /* Assets.xcassets in Resources */,
				FAA4EF7C2939C81E008650CE /* AnekDevanagari-VariableFont_wdth,wght.ttf in Resources */,
				FAA669AB2938B7EF00E4CD73 /* Main.storyboard in Resources */,
				FAA4EF7E2939C90F008650CE /* FredokaOne-Regular.ttf in Resources */,
			);
			runOnlyForDeploymentPostprocessing = 0;
		};
/* End PBXResourcesBuildPhase section */

/* Begin PBXSourcesBuildPhase section */
		FAA6699C2938B7EE00E4CD73 /* Sources */ = {
			isa = PBXSourcesBuildPhase;
			buildActionMask = 2147483647;
			files = (
				FA542B34293F237400CC63AA /* LoginViewController.swift in Sources */,
				FAA4EFA6293A3F31008650CE /* HomeCollectionViewCell.swift in Sources */,
				FAA669AE2938B7EF00E4CD73 /* TMBD_Movie_App.xcdatamodeld in Sources */,
				FA542B38293F622A00CC63AA /* ResetPasswordViewController.swift in Sources */,
				FAA4EF842939D0E7008650CE /* MovieData.swift in Sources */,
				FA09BE64294754870045D228 /* Firestore.swift in Sources */,
				FA0198D32941A73300DBA079 /* SettingsViewController.swift in Sources */,
				FA09BE5B29470FA50045D228 /* SettingsTableViewCell.swift in Sources */,
				FA519EF5293DDA0D00853472 /* DetailViewController.swift in Sources */,
				FAA669A42938B7EF00E4CD73 /* AppDelegate.swift in Sources */,
				FA542B36293F3B2200CC63AA /* RegisterViewController.swift in Sources */,
				FA09BE5D294726E60045D228 /* WatchlistTableViewCell.swift in Sources */,
				FA09BE662947642A0045D228 /* FStoreMovieModel.swift in Sources */,
				FA57004B2940A98200E6786F /* DetailMovieModel.swift in Sources */,
				FAA4EF8B2939DB4D008650CE /* HomeViewController.swift in Sources */,
				FAA4EF822939D0DB008650CE /* MovieManager.swift in Sources */,
				FAA4EF8D2939DBB6008650CE /* Segues.swift in Sources */,
				FA570044294081BC00E6786F /* SearchTableViewCell.swift in Sources */,
				FA570046294081F700E6786F /* SearchViewController.swift in Sources */,
				FA09BE6229472CA40045D228 /* MovieTableViewCellDelegate.swift in Sources */,
				FA09BE5F294727030045D228 /* WatchlistViewController.swift in Sources */,
				FA5B378D2948A260009945B1 /* MovieDetailsData.swift in Sources */,
				FAA4EF8F2939E09A008650CE /* Cells.swift in Sources */,
				FAA669A62938B7EF00E4CD73 /* SceneDelegate.swift in Sources */,
				FAB919472943222500E68A11 /* UIViewController.swift in Sources */,
				FAA4EF872939D11B008650CE /* URLs.swift in Sources */,
				FAA4EFA2293A1FDB008650CE /* MovieTableViewCell.swift in Sources */,
			);
			runOnlyForDeploymentPostprocessing = 0;
		};
/* End PBXSourcesBuildPhase section */

/* Begin PBXVariantGroup section */
		FAA669A92938B7EF00E4CD73 /* Main.storyboard */ = {
			isa = PBXVariantGroup;
			children = (
				FAA669AA2938B7EF00E4CD73 /* Base */,
			);
			name = Main.storyboard;
			sourceTree = "<group>";
		};
		FAA669B12938B7F200E4CD73 /* LaunchScreen.storyboard */ = {
			isa = PBXVariantGroup;
			children = (
				FAA669B22938B7F200E4CD73 /* Base */,
			);
			name = LaunchScreen.storyboard;
			sourceTree = "<group>";
		};
/* End PBXVariantGroup section */

/* Begin XCBuildConfiguration section */
		FAA669B52938B7F200E4CD73 /* Debug */ = {
			isa = XCBuildConfiguration;
			buildSettings = {
				ALWAYS_SEARCH_USER_PATHS = NO;
				CLANG_ANALYZER_NONNULL = YES;
				CLANG_ANALYZER_NUMBER_OBJECT_CONVERSION = YES_AGGRESSIVE;
				CLANG_CXX_LANGUAGE_STANDARD = "gnu++20";
				CLANG_ENABLE_MODULES = YES;
				CLANG_ENABLE_OBJC_ARC = YES;
				CLANG_ENABLE_OBJC_WEAK = YES;
				CLANG_WARN_BLOCK_CAPTURE_AUTORELEASING = YES;
				CLANG_WARN_BOOL_CONVERSION = YES;
				CLANG_WARN_COMMA = YES;
				CLANG_WARN_CONSTANT_CONVERSION = YES;
				CLANG_WARN_DEPRECATED_OBJC_IMPLEMENTATIONS = YES;
				CLANG_WARN_DIRECT_OBJC_ISA_USAGE = YES_ERROR;
				CLANG_WARN_DOCUMENTATION_COMMENTS = YES;
				CLANG_WARN_EMPTY_BODY = YES;
				CLANG_WARN_ENUM_CONVERSION = YES;
				CLANG_WARN_INFINITE_RECURSION = YES;
				CLANG_WARN_INT_CONVERSION = YES;
				CLANG_WARN_NON_LITERAL_NULL_CONVERSION = YES;
				CLANG_WARN_OBJC_IMPLICIT_RETAIN_SELF = YES;
				CLANG_WARN_OBJC_LITERAL_CONVERSION = YES;
				CLANG_WARN_OBJC_ROOT_CLASS = YES_ERROR;
				CLANG_WARN_QUOTED_INCLUDE_IN_FRAMEWORK_HEADER = YES;
				CLANG_WARN_RANGE_LOOP_ANALYSIS = YES;
				CLANG_WARN_STRICT_PROTOTYPES = YES;
				CLANG_WARN_SUSPICIOUS_MOVE = YES;
				CLANG_WARN_UNGUARDED_AVAILABILITY = YES_AGGRESSIVE;
				CLANG_WARN_UNREACHABLE_CODE = YES;
				CLANG_WARN__DUPLICATE_METHOD_MATCH = YES;
				COPY_PHASE_STRIP = NO;
				DEBUG_INFORMATION_FORMAT = dwarf;
				ENABLE_STRICT_OBJC_MSGSEND = YES;
				ENABLE_TESTABILITY = YES;
				GCC_C_LANGUAGE_STANDARD = gnu11;
				GCC_DYNAMIC_NO_PIC = NO;
				GCC_NO_COMMON_BLOCKS = YES;
				GCC_OPTIMIZATION_LEVEL = 0;
				GCC_PREPROCESSOR_DEFINITIONS = (
					"DEBUG=1",
					"$(inherited)",
				);
				GCC_WARN_64_TO_32_BIT_CONVERSION = YES;
				GCC_WARN_ABOUT_RETURN_TYPE = YES_ERROR;
				GCC_WARN_UNDECLARED_SELECTOR = YES;
				GCC_WARN_UNINITIALIZED_AUTOS = YES_AGGRESSIVE;
				GCC_WARN_UNUSED_FUNCTION = YES;
				GCC_WARN_UNUSED_VARIABLE = YES;
				IPHONEOS_DEPLOYMENT_TARGET = 16.1;
				MTL_ENABLE_DEBUG_INFO = INCLUDE_SOURCE;
				MTL_FAST_MATH = YES;
				ONLY_ACTIVE_ARCH = YES;
				SDKROOT = iphoneos;
				SWIFT_ACTIVE_COMPILATION_CONDITIONS = DEBUG;
				SWIFT_OPTIMIZATION_LEVEL = "-Onone";
			};
			name = Debug;
		};
		FAA669B62938B7F200E4CD73 /* Release */ = {
			isa = XCBuildConfiguration;
			buildSettings = {
				ALWAYS_SEARCH_USER_PATHS = NO;
				CLANG_ANALYZER_NONNULL = YES;
				CLANG_ANALYZER_NUMBER_OBJECT_CONVERSION = YES_AGGRESSIVE;
				CLANG_CXX_LANGUAGE_STANDARD = "gnu++20";
				CLANG_ENABLE_MODULES = YES;
				CLANG_ENABLE_OBJC_ARC = YES;
				CLANG_ENABLE_OBJC_WEAK = YES;
				CLANG_WARN_BLOCK_CAPTURE_AUTORELEASING = YES;
				CLANG_WARN_BOOL_CONVERSION = YES;
				CLANG_WARN_COMMA = YES;
				CLANG_WARN_CONSTANT_CONVERSION = YES;
				CLANG_WARN_DEPRECATED_OBJC_IMPLEMENTATIONS = YES;
				CLANG_WARN_DIRECT_OBJC_ISA_USAGE = YES_ERROR;
				CLANG_WARN_DOCUMENTATION_COMMENTS = YES;
				CLANG_WARN_EMPTY_BODY = YES;
				CLANG_WARN_ENUM_CONVERSION = YES;
				CLANG_WARN_INFINITE_RECURSION = YES;
				CLANG_WARN_INT_CONVERSION = YES;
				CLANG_WARN_NON_LITERAL_NULL_CONVERSION = YES;
				CLANG_WARN_OBJC_IMPLICIT_RETAIN_SELF = YES;
				CLANG_WARN_OBJC_LITERAL_CONVERSION = YES;
				CLANG_WARN_OBJC_ROOT_CLASS = YES_ERROR;
				CLANG_WARN_QUOTED_INCLUDE_IN_FRAMEWORK_HEADER = YES;
				CLANG_WARN_RANGE_LOOP_ANALYSIS = YES;
				CLANG_WARN_STRICT_PROTOTYPES = YES;
				CLANG_WARN_SUSPICIOUS_MOVE = YES;
				CLANG_WARN_UNGUARDED_AVAILABILITY = YES_AGGRESSIVE;
				CLANG_WARN_UNREACHABLE_CODE = YES;
				CLANG_WARN__DUPLICATE_METHOD_MATCH = YES;
				COPY_PHASE_STRIP = NO;
				DEBUG_INFORMATION_FORMAT = "dwarf-with-dsym";
				ENABLE_NS_ASSERTIONS = NO;
				ENABLE_STRICT_OBJC_MSGSEND = YES;
				GCC_C_LANGUAGE_STANDARD = gnu11;
				GCC_NO_COMMON_BLOCKS = YES;
				GCC_WARN_64_TO_32_BIT_CONVERSION = YES;
				GCC_WARN_ABOUT_RETURN_TYPE = YES_ERROR;
				GCC_WARN_UNDECLARED_SELECTOR = YES;
				GCC_WARN_UNINITIALIZED_AUTOS = YES_AGGRESSIVE;
				GCC_WARN_UNUSED_FUNCTION = YES;
				GCC_WARN_UNUSED_VARIABLE = YES;
				IPHONEOS_DEPLOYMENT_TARGET = 16.1;
				MTL_ENABLE_DEBUG_INFO = NO;
				MTL_FAST_MATH = YES;
				SDKROOT = iphoneos;
				SWIFT_COMPILATION_MODE = wholemodule;
				SWIFT_OPTIMIZATION_LEVEL = "-O";
				VALIDATE_PRODUCT = YES;
			};
			name = Release;
		};
		FAA669B82938B7F200E4CD73 /* Debug */ = {
			isa = XCBuildConfiguration;
			buildSettings = {
				ASSETCATALOG_COMPILER_APPICON_NAME = AppIcon;
				ASSETCATALOG_COMPILER_GLOBAL_ACCENT_COLOR_NAME = AccentColor;
				CODE_SIGN_STYLE = Automatic;
				CURRENT_PROJECT_VERSION = 1;
				DEVELOPMENT_TEAM = T8B4RZKP3U;
				GENERATE_INFOPLIST_FILE = YES;
				INFOPLIST_FILE = "TMBD Movie App/Info.plist";
				INFOPLIST_KEY_UIApplicationSupportsIndirectInputEvents = YES;
				INFOPLIST_KEY_UILaunchStoryboardName = LaunchScreen;
				INFOPLIST_KEY_UIMainStoryboardFile = Main;
				INFOPLIST_KEY_UISupportedInterfaceOrientations = UIInterfaceOrientationPortrait;
				IPHONEOS_DEPLOYMENT_TARGET = 16.1;
				LD_RUNPATH_SEARCH_PATHS = (
					"$(inherited)",
					"@executable_path/Frameworks",
				);
				MARKETING_VERSION = 1.0;
				PRODUCT_BUNDLE_IDENTIFIER = "mutluclkn.TMDB-Movie-App";
				PRODUCT_NAME = "$(TARGET_NAME)";
				SWIFT_EMIT_LOC_STRINGS = YES;
				SWIFT_VERSION = 5.0;
				TARGETED_DEVICE_FAMILY = "1,2";
			};
			name = Debug;
		};
		FAA669B92938B7F200E4CD73 /* Release */ = {
			isa = XCBuildConfiguration;
			buildSettings = {
				ASSETCATALOG_COMPILER_APPICON_NAME = AppIcon;
				ASSETCATALOG_COMPILER_GLOBAL_ACCENT_COLOR_NAME = AccentColor;
				CODE_SIGN_STYLE = Automatic;
				CURRENT_PROJECT_VERSION = 1;
				DEVELOPMENT_TEAM = T8B4RZKP3U;
				GENERATE_INFOPLIST_FILE = YES;
				INFOPLIST_FILE = "TMBD Movie App/Info.plist";
				INFOPLIST_KEY_UIApplicationSupportsIndirectInputEvents = YES;
				INFOPLIST_KEY_UILaunchStoryboardName = LaunchScreen;
				INFOPLIST_KEY_UIMainStoryboardFile = Main;
				INFOPLIST_KEY_UISupportedInterfaceOrientations = UIInterfaceOrientationPortrait;
				IPHONEOS_DEPLOYMENT_TARGET = 16.1;
				LD_RUNPATH_SEARCH_PATHS = (
					"$(inherited)",
					"@executable_path/Frameworks",
				);
				MARKETING_VERSION = 1.0;
				PRODUCT_BUNDLE_IDENTIFIER = "mutluclkn.TMDB-Movie-App";
				PRODUCT_NAME = "$(TARGET_NAME)";
				SWIFT_EMIT_LOC_STRINGS = YES;
				SWIFT_VERSION = 5.0;
				TARGETED_DEVICE_FAMILY = "1,2";
			};
			name = Release;
		};
/* End XCBuildConfiguration section */

/* Begin XCConfigurationList section */
		FAA6699B2938B7EE00E4CD73 /* Build configuration list for PBXProject "TMBD Movie App" */ = {
			isa = XCConfigurationList;
			buildConfigurations = (
				FAA669B52938B7F200E4CD73 /* Debug */,
				FAA669B62938B7F200E4CD73 /* Release */,
			);
			defaultConfigurationIsVisible = 0;
			defaultConfigurationName = Release;
		};
		FAA669B72938B7F200E4CD73 /* Build configuration list for PBXNativeTarget "TMBD Movie App" */ = {
			isa = XCConfigurationList;
			buildConfigurations = (
				FAA669B82938B7F200E4CD73 /* Debug */,
				FAA669B92938B7F200E4CD73 /* Release */,
			);
			defaultConfigurationIsVisible = 0;
			defaultConfigurationName = Release;
		};
/* End XCConfigurationList section */

/* Begin XCRemoteSwiftPackageReference section */
		FA5700472940A78400E6786F /* XCRemoteSwiftPackageReference "Kingfisher" */ = {
			isa = XCRemoteSwiftPackageReference;
			repositoryURL = "https://github.com/onevcat/Kingfisher.git";
			requirement = {
				kind = upToNextMajorVersion;
				minimumVersion = 7.0.0;
			};
		};
		FAB9193C294314C600E68A11 /* XCRemoteSwiftPackageReference "firebase-ios-sdk" */ = {
			isa = XCRemoteSwiftPackageReference;
			repositoryURL = "https://github.com/firebase/firebase-ios-sdk";
			requirement = {
				kind = upToNextMajorVersion;
				minimumVersion = 9.0.0;
			};
		};
/* End XCRemoteSwiftPackageReference section */

/* Begin XCSwiftPackageProductDependency section */
		FA5700482940A78400E6786F /* Kingfisher */ = {
			isa = XCSwiftPackageProductDependency;
			package = FA5700472940A78400E6786F /* XCRemoteSwiftPackageReference "Kingfisher" */;
			productName = Kingfisher;
		};
		FAB9193D294314C600E68A11 /* FirebaseAuth */ = {
			isa = XCSwiftPackageProductDependency;
			package = FAB9193C294314C600E68A11 /* XCRemoteSwiftPackageReference "firebase-ios-sdk" */;
			productName = FirebaseAuth;
		};
		FAB9193F294314C600E68A11 /* FirebaseDatabase */ = {
			isa = XCSwiftPackageProductDependency;
			package = FAB9193C294314C600E68A11 /* XCRemoteSwiftPackageReference "firebase-ios-sdk" */;
			productName = FirebaseDatabase;
		};
		FAB91941294314C600E68A11 /* FirebaseFirestore */ = {
			isa = XCSwiftPackageProductDependency;
			package = FAB9193C294314C600E68A11 /* XCRemoteSwiftPackageReference "firebase-ios-sdk" */;
			productName = FirebaseFirestore;
		};
		FAB91943294314C600E68A11 /* FirebaseStorage */ = {
			isa = XCSwiftPackageProductDependency;
			package = FAB9193C294314C600E68A11 /* XCRemoteSwiftPackageReference "firebase-ios-sdk" */;
			productName = FirebaseStorage;
		};
/* End XCSwiftPackageProductDependency section */

/* Begin XCVersionGroup section */
		FAA669AC2938B7EF00E4CD73 /* TMBD_Movie_App.xcdatamodeld */ = {
			isa = XCVersionGroup;
			children = (
				FAA669AD2938B7EF00E4CD73 /* TMBD_Movie_App.xcdatamodel */,
			);
			currentVersion = FAA669AD2938B7EF00E4CD73 /* TMBD_Movie_App.xcdatamodel */;
			path = TMBD_Movie_App.xcdatamodeld;
			sourceTree = "<group>";
			versionGroupType = wrapper.xcdatamodel;
		};
/* End XCVersionGroup section */
	};
	rootObject = FAA669982938B7EE00E4CD73 /* Project object */;
}
